
Microsoft Visual Studio Solution File, Format Version 11.00
# Visual Studio 2010
Project("{FAE04EC0-301F-11D3-BF4B-00C04F79EFBC}") = "SMProxy", "SMProxy\SMProxy.csproj", "{E14CD9F1-06ED-494A-B759-D5C18124E696}"
EndProject
Project("{FAE04EC0-301F-11D3-BF4B-00C04F79EFBC}") = "Craft.Net", "externals\Craft.Net\Craft.Net\Craft.Net.csproj", "{C3BBAB7E-606F-420E-9461-C8CFAEC2476B}"
EndProject
Project("{FAE04EC0-301F-11D3-BF4B-00C04F79EFBC}") = "fNbt", "externals\Craft.Net\externals\fNbt\fNbt\fNbt.csproj", "{4488498D-976D-4DA3-BF72-109531AF0488}"
EndProject
Project("{FAE04EC0-301F-11D3-BF4B-00C04F79EFBC}") = "Craft.Net.Client", "externals\Craft.Net\Craft.Net.Client\Craft.Net.Client.csproj", "{D48822DB-4A67-48DD-A858-A629F92233FB}"
EndProject
Project("{FAE04EC0-301F-11D3-BF4B-00C04F79EFBC}") = "Craft.Net.Data", "externals\Craft.Net\Craft.Net.Data\Craft.Net.Data.csproj", "{30C3F936-8D95-4113-BA48-8B798B056309}"
EndProject
Global
	GlobalSection(SolutionConfigurationPlatforms) = preSolution
		Debug|Any CPU = Debug|Any CPU
		Debug|Mixed Platforms = Debug|Mixed Platforms
		Debug|x86 = Debug|x86
		MONO|Any CPU = MONO|Any CPU
		MONO|Mixed Platforms = MONO|Mixed Platforms
		MONO|x86 = MONO|x86
		Release|Any CPU = Release|Any CPU
		Release|Mixed Platforms = Release|Mixed Platforms
		Release|x86 = Release|x86
	EndGlobalSection
	GlobalSection(ProjectConfigurationPlatforms) = postSolution
		{30C3F936-8D95-4113-BA48-8B798B056309}.Debug|Any CPU.ActiveCfg = Debug|Any CPU
		{30C3F936-8D95-4113-BA48-8B798B056309}.Debug|Any CPU.Build.0 = Debug|Any CPU
		{30C3F936-8D95-4113-BA48-8B798B056309}.Debug|Mixed Platforms.ActiveCfg = Debug|Any CPU
		{30C3F936-8D95-4113-BA48-8B798B056309}.Debug|Mixed Platforms.Build.0 = Debug|Any CPU
		{30C3F936-8D95-4113-BA48-8B798B056309}.Debug|x86.ActiveCfg = Debug|Any CPU
		{30C3F936-8D95-4113-BA48-8B798B056309}.Debug|x86.Build.0 = Debug|Any CPU
		{30C3F936-8D95-4113-BA48-8B798B056309}.MONO|Any CPU.ActiveCfg = MONO|Any CPU
		{30C3F936-8D95-4113-BA48-8B798B056309}.MONO|Any CPU.Build.0 = MONO|Any CPU
		{30C3F936-8D95-4113-BA48-8B798B056309}.MONO|Mixed Platforms.ActiveCfg = MONO|Any CPU
		{30C3F936-8D95-4113-BA48-8B798B056309}.MONO|Mixed Platforms.Build.0 = MONO|Any CPU
		{30C3F936-8D95-4113-BA48-8B798B056309}.MONO|x86.ActiveCfg = MONO|Any CPU
		{30C3F936-8D95-4113-BA48-8B798B056309}.MONO|x86.Build.0 = MONO|Any CPU
		{30C3F936-8D95-4113-BA48-8B798B056309}.Release|Any CPU.ActiveCfg = Release|Any CPU
		{30C3F936-8D95-4113-BA48-8B798B056309}.Release|Any CPU.Build.0 = Release|Any CPU
		{30C3F936-8D95-4113-BA48-8B798B056309}.Release|Mixed Platforms.ActiveCfg = Release|Any CPU
		{30C3F936-8D95-4113-BA48-8B798B056309}.Release|Mixed Platforms.Build.0 = Release|Any CPU
		{30C3F936-8D95-4113-BA48-8B798B056309}.Release|x86.ActiveCfg = Release|Any CPU
		{30C3F936-8D95-4113-BA48-8B798B056309}.Release|x86.Build.0 = Release|Any CPU
		{4488498D-976D-4DA3-BF72-109531AF0488}.Debug|Any CPU.ActiveCfg = Debug|Any CPU
		{4488498D-976D-4DA3-BF72-109531AF0488}.Debug|Any CPU.Build.0 = Debug|Any CPU
		{4488498D-976D-4DA3-BF72-109531AF0488}.Debug|Mixed Platforms.ActiveCfg = Debug|Any CPU
		{4488498D-976D-4DA3-BF72-109531AF0488}.Debug|Mixed Platforms.Build.0 = Debug|Any CPU
		{4488498D-976D-4DA3-BF72-109531AF0488}.Debug|x86.ActiveCfg = Debug|Any CPU
		{4488498D-976D-4DA3-BF72-109531AF0488}.MONO|Any CPU.ActiveCfg = Debug|Any CPU
		{4488498D-976D-4DA3-BF72-109531AF0488}.MONO|Any CPU.Build.0 = Debug|Any CPU
		{4488498D-976D-4DA3-BF72-109531AF0488}.MONO|Mixed Platforms.ActiveCfg = Release|Any CPU
		{4488498D-976D-4DA3-BF72-109531AF0488}.MONO|Mixed Platforms.Build.0 = Release|Any CPU
		{4488498D-976D-4DA3-BF72-109531AF0488}.MONO|x86.ActiveCfg = Release|Any CPU
		{4488498D-976D-4DA3-BF72-109531AF0488}.Release|Any CPU.ActiveCfg = Release|Any CPU
		{4488498D-976D-4DA3-BF72-109531AF0488}.Release|Any CPU.Build.0 = Release|Any CPU
		{4488498D-976D-4DA3-BF72-109531AF0488}.Release|Mixed Platforms.ActiveCfg = Release|Any CPU
		{4488498D-976D-4DA3-BF72-109531AF0488}.Release|Mixed Platforms.Build.0 = Release|Any CPU
		{4488498D-976D-4DA3-BF72-109531AF0488}.Release|x86.ActiveCfg = Release|Any CPU
		{C3BBAB7E-606F-420E-9461-C8CFAEC2476B}.Debug|Any CPU.ActiveCfg = Debug|Any CPU
		{C3BBAB7E-606F-420E-9461-C8CFAEC2476B}.Debug|Any CPU.Build.0 = Debug|Any CPU
		{C3BBAB7E-606F-420E-9461-C8CFAEC2476B}.Debug|Mixed Platforms.ActiveCfg = Debug|Any CPU
		{C3BBAB7E-606F-420E-9461-C8CFAEC2476B}.Debug|Mixed Platforms.Build.0 = Debug|Any CPU
		{C3BBAB7E-606F-420E-9461-C8CFAEC2476B}.Debug|x86.ActiveCfg = Debug|Any CPU
		{C3BBAB7E-606F-420E-9461-C8CFAEC2476B}.Debug|x86.Build.0 = Debug|Any CPU
		{C3BBAB7E-606F-420E-9461-C8CFAEC2476B}.MONO|Any CPU.ActiveCfg = MONO|Any CPU
		{C3BBAB7E-606F-420E-9461-C8CFAEC2476B}.MONO|Any CPU.Build.0 = MONO|Any CPU
		{C3BBAB7E-606F-420E-9461-C8CFAEC2476B}.MONO|Mixed Platforms.ActiveCfg = MONO|Any CPU
		{C3BBAB7E-606F-420E-9461-C8CFAEC2476B}.MONO|Mixed Platforms.Build.0 = MONO|Any CPU
		{C3BBAB7E-606F-420E-9461-C8CFAEC2476B}.MONO|x86.ActiveCfg = MONO|Any CPU
		{C3BBAB7E-606F-420E-9461-C8CFAEC2476B}.MONO|x86.Build.0 = MONO|Any CPU
		{C3BBAB7E-606F-420E-9461-C8CFAEC2476B}.Release|Any CPU.ActiveCfg = Release|Any CPU
		{C3BBAB7E-606F-420E-9461-C8CFAEC2476B}.Release|Any CPU.Build.0 = Release|Any CPU
		{C3BBAB7E-606F-420E-9461-C8CFAEC2476B}.Release|Mixed Platforms.ActiveCfg = Release|Any CPU
		{C3BBAB7E-606F-420E-9461-C8CFAEC2476B}.Release|Mixed Platforms.Build.0 = Release|Any CPU
		{C3BBAB7E-606F-420E-9461-C8CFAEC2476B}.Release|x86.ActiveCfg = Release|Any CPU
		{C3BBAB7E-606F-420E-9461-C8CFAEC2476B}.Release|x86.Build.0 = Release|Any CPU
		{D48822DB-4A67-48DD-A858-A629F92233FB}.Debug|Any CPU.ActiveCfg = Debug|Any CPU
		{D48822DB-4A67-48DD-A858-A629F92233FB}.Debug|Any CPU.Build.0 = Debug|Any CPU
		{D48822DB-4A67-48DD-A858-A629F92233FB}.Debug|Mixed Platforms.ActiveCfg = Debug|Any CPU
		{D48822DB-4A67-48DD-A858-A629F92233FB}.Debug|Mixed Platforms.Build.0 = Debug|Any CPU
		{D48822DB-4A67-48DD-A858-A629F92233FB}.Debug|x86.ActiveCfg = Debug|Any CPU
		{D48822DB-4A67-48DD-A858-A629F92233FB}.Debug|x86.Build.0 = Debug|Any CPU
		{D48822DB-4A67-48DD-A858-A629F92233FB}.MONO|Any CPU.ActiveCfg = MONO|Any CPU
		{D48822DB-4A67-48DD-A858-A629F92233FB}.MONO|Any CPU.Build.0 = MONO|Any CPU
		{D48822DB-4A67-48DD-A858-A629F92233FB}.MONO|Mixed Platforms.ActiveCfg = MONO|Any CPU
		{D48822DB-4A67-48DD-A858-A629F92233FB}.MONO|Mixed Platforms.Build.0 = MONO|Any CPU
		{D48822DB-4A67-48DD-A858-A629F92233FB}.MONO|x86.ActiveCfg = MONO|Any CPU
		{D48822DB-4A67-48DD-A858-A629F92233FB}.MONO|x86.Build.0 = MONO|Any CPU
		{D48822DB-4A67-48DD-A858-A629F92233FB}.Release|Any CPU.ActiveCfg = Release|Any CPU
		{D48822DB-4A67-48DD-A858-A629F92233FB}.Release|Any CPU.Build.0 = Release|Any CPU
		{D48822DB-4A67-48DD-A858-A629F92233FB}.Release|Mixed Platforms.ActiveCfg = Release|Any CPU
		{D48822DB-4A67-48DD-A858-A629F92233FB}.Release|Mixed Platforms.Build.0 = Release|Any CPU
		{D48822DB-4A67-48DD-A858-A629F92233FB}.Release|x86.ActiveCfg = Release|Any CPU
		{D48822DB-4A67-48DD-A858-A629F92233FB}.Release|x86.Build.0 = Release|Any CPU
		{E14CD9F1-06ED-494A-B759-D5C18124E696}.Debug|Any CPU.ActiveCfg = Debug|x86
		{E14CD9F1-06ED-494A-B759-D5C18124E696}.Debug|Mixed Platforms.ActiveCfg = Debug|x86
		{E14CD9F1-06ED-494A-B759-D5C18124E696}.Debug|Mixed Platforms.Build.0 = Debug|x86
		{E14CD9F1-06ED-494A-B759-D5C18124E696}.Debug|x86.ActiveCfg = Debug|x86
		{E14CD9F1-06ED-494A-B759-D5C18124E696}.Debug|x86.Build.0 = Debug|x86
		{E14CD9F1-06ED-494A-B759-D5C18124E696}.MONO|Any CPU.ActiveCfg = Debug|x86
		{E14CD9F1-06ED-494A-B759-D5C18124E696}.MONO|Any CPU.Build.0 = Debug|x86
		{E14CD9F1-06ED-494A-B759-D5C18124E696}.MONO|Mixed Platforms.ActiveCfg = Release|x86
		{E14CD9F1-06ED-494A-B759-D5C18124E696}.MONO|Mixed Platforms.Build.0 = Release|x86
		{E14CD9F1-06ED-494A-B759-D5C18124E696}.MONO|x86.ActiveCfg = Release|x86
		{E14CD9F1-06ED-494A-B759-D5C18124E696}.MONO|x86.Build.0 = Release|x86
		{E14CD9F1-06ED-494A-B759-D5C18124E696}.Release|Any CPU.ActiveCfg = Release|x86
		{E14CD9F1-06ED-494A-B759-D5C18124E696}.Release|Mixed Platforms.ActiveCfg = Release|x86
		{E14CD9F1-06ED-494A-B759-D5C18124E696}.Release|Mixed Platforms.Build.0 = Release|x86
		{E14CD9F1-06ED-494A-B759-D5C18124E696}.Release|x86.ActiveCfg = Release|x86
		{E14CD9F1-06ED-494A-B759-D5C18124E696}.Release|x86.Build.0 = Release|x86
	EndGlobalSection
	GlobalSection(MonoDevelopProperties) = preSolution
		StartupItem = SMProxy\SMProxy.csproj
	EndGlobalSection
	GlobalSection(SolutionProperties) = preSolution
		HideSolutionNode = FALSE
	EndGlobalSection
EndGlobal
