
Microsoft Visual Studio Solution File, Format Version 11.00
# Visual Studio 2010
Project("{FAE04EC0-301F-11D3-BF4B-00C04F79EFBC}") = "SMProxy", "SMProxy\SMProxy.csproj", "{E14CD9F1-06ED-494A-B759-D5C18124E696}"
EndProject
Project("{FAE04EC0-301F-11D3-BF4B-00C04F79EFBC}") = "Craft.Net.Networking", "externals\Craft.Net\source\Craft.Net.Networking\Craft.Net.Networking.csproj", "{C3BBAB7E-606F-420E-9461-C8CFAEC2476B}"
EndProject
Project("{FAE04EC0-301F-11D3-BF4B-00C04F79EFBC}") = "fNbt", "externals\Craft.Net\externals\fNbt\fNbt\fNbt.csproj", "{4488498D-976D-4DA3-BF72-109531AF0488}"
EndProject
Project("{FAE04EC0-301F-11D3-BF4B-00C04F79EFBC}") = "Craft.Net.Client", "externals\Craft.Net\source\Craft.Net.Client\Craft.Net.Client.csproj", "{AA930BF3-2073-4C4D-8ADD-07103B29198B}"
EndProject
Project("{FAE04EC0-301F-11D3-BF4B-00C04F79EFBC}") = "Craft.Net.Common", "externals\Craft.Net\source\Craft.Net.Common\Craft.Net.Common.csproj", "{50462849-2223-4E39-B5D9-A928A9A58A33}"
EndProject
Project("{FAE04EC0-301F-11D3-BF4B-00C04F79EFBC}") = "Craft.Net.Anvil", "externals\Craft.Net\source\Craft.Net.Anvil\Craft.Net.Anvil.csproj", "{02031C5C-5007-48D5-A253-F7C8BDF0C0B2}"
EndProject
Global
	GlobalSection(SolutionConfigurationPlatforms) = preSolution
		Debug|Any CPU = Debug|Any CPU
		Release|Any CPU = Release|Any CPU
	EndGlobalSection
	GlobalSection(ProjectConfigurationPlatforms) = postSolution
		{02031C5C-5007-48D5-A253-F7C8BDF0C0B2}.Debug|Any CPU.ActiveCfg = Debug|Any CPU
		{02031C5C-5007-48D5-A253-F7C8BDF0C0B2}.Debug|Any CPU.Build.0 = Debug|Any CPU
		{02031C5C-5007-48D5-A253-F7C8BDF0C0B2}.Release|Any CPU.ActiveCfg = Release|Any CPU
		{02031C5C-5007-48D5-A253-F7C8BDF0C0B2}.Release|Any CPU.Build.0 = Release|Any CPU
		{4488498D-976D-4DA3-BF72-109531AF0488}.Debug|Any CPU.ActiveCfg = Debug|Any CPU
		{4488498D-976D-4DA3-BF72-109531AF0488}.Debug|Any CPU.Build.0 = Debug|Any CPU
		{4488498D-976D-4DA3-BF72-109531AF0488}.Release|Any CPU.ActiveCfg = Release|Any CPU
		{4488498D-976D-4DA3-BF72-109531AF0488}.Release|Any CPU.Build.0 = Release|Any CPU
		{50462849-2223-4E39-B5D9-A928A9A58A33}.Debug|Any CPU.ActiveCfg = Debug|Any CPU
		{50462849-2223-4E39-B5D9-A928A9A58A33}.Debug|Any CPU.Build.0 = Debug|Any CPU
		{50462849-2223-4E39-B5D9-A928A9A58A33}.Release|Any CPU.ActiveCfg = Release|Any CPU
		{50462849-2223-4E39-B5D9-A928A9A58A33}.Release|Any CPU.Build.0 = Release|Any CPU
		{AA930BF3-2073-4C4D-8ADD-07103B29198B}.Debug|Any CPU.ActiveCfg = Debug|Any CPU
		{AA930BF3-2073-4C4D-8ADD-07103B29198B}.Debug|Any CPU.Build.0 = Debug|Any CPU
		{AA930BF3-2073-4C4D-8ADD-07103B29198B}.Release|Any CPU.ActiveCfg = Release|Any CPU
		{AA930BF3-2073-4C4D-8ADD-07103B29198B}.Release|Any CPU.Build.0 = Release|Any CPU
		{C3BBAB7E-606F-420E-9461-C8CFAEC2476B}.Debug|Any CPU.ActiveCfg = Debug|Any CPU
		{C3BBAB7E-606F-420E-9461-C8CFAEC2476B}.Debug|Any CPU.Build.0 = Debug|Any CPU
		{C3BBAB7E-606F-420E-9461-C8CFAEC2476B}.Release|Any CPU.ActiveCfg = Release|Any CPU
		{C3BBAB7E-606F-420E-9461-C8CFAEC2476B}.Release|Any CPU.Build.0 = Release|Any CPU
		{E14CD9F1-06ED-494A-B759-D5C18124E696}.Debug|Any CPU.ActiveCfg = Debug|Any CPU
		{E14CD9F1-06ED-494A-B759-D5C18124E696}.Debug|Any CPU.Build.0 = Debug|Any CPU
		{E14CD9F1-06ED-494A-B759-D5C18124E696}.Release|Any CPU.ActiveCfg = Release|Any CPU
		{E14CD9F1-06ED-494A-B759-D5C18124E696}.Release|Any CPU.Build.0 = Release|Any CPU
	EndGlobalSection
	GlobalSection(MonoDevelopProperties) = preSolution
		StartupItem = SMProxy\SMProxy.csproj
	EndGlobalSection
	GlobalSection(SolutionProperties) = preSolution
		HideSolutionNode = FALSE
	EndGlobalSection
EndGlobal
